<Solution>
  <Project Path="ClassLibraryNet/ClassLibrary.vbproj" Id="5a944407-04d1-4ef7-9960-8146ff695d87" />
  <Project Path="ConsoleAppNet/ConsoleApp.vbproj" Id="2077026d-ec53-4af2-8f6a-62934136830d" />
  <Project Path="WebApp/WebApp.vbproj" Id="7148b36e-967e-4fa4-8140-afbb4b4eb753" />
</Solution>
